
Microsoft Visual Studio Solution File, Format Version 12.00
# Visual Studio Version 17
VisualStudioVersion = 17.5.002.0
MinimumVisualStudioVersion = 10.0.40219.1
Project("{9A19103F-16F7-4668-BE54-9A1E7A4F7556}") = "ConverterService", "ConverterService.csproj", "{0272EEAC-2AE3-4C4B-9747-B444DC864A87}"
EndProject
Global
	GlobalSection(SolutionConfigurationPlatforms) = preSolution
		Debug|Any CPU = Debug|Any CPU
		Release|Any CPU = Release|Any CPU
	EndGlobalSection
	GlobalSection(ProjectConfigurationPlatforms) = postSolution
		{0272EEAC-2AE3-4C4B-9747-B444DC864A87}.Debug|Any CPU.ActiveCfg = Debug|Any CPU
		{0272EEAC-2AE3-4C4B-9747-B444DC864A87}.Debug|Any CPU.Build.0 = Debug|Any CPU
		{0272EEAC-2AE3-4C4B-9747-B444DC864A87}.Release|Any CPU.ActiveCfg = Release|Any CPU
		{0272EEAC-2AE3-4C4B-9747-B444DC864A87}.Release|Any CPU.Build.0 = Release|Any CPU
	EndGlobalSection
	GlobalSection(SolutionProperties) = preSolution
		HideSolutionNode = FALSE
	EndGlobalSection
	GlobalSection(ExtensibilityGlobals) = postSolution
		SolutionGuid = {E9E70985-1CB9-4FB9-AB7E-BE0648ADF630}
	EndGlobalSection
EndGlobal
